
Microsoft Visual Studio Solution File, Format Version 12.00
# Visual Studio Version 17
VisualStudioVersion = 17.9.34607.119
MinimumVisualStudioVersion = 10.0.40219.1
Project("{FAE04EC0-301F-11D3-BF4B-00C04F79EFBC}") = "VehicleRentSys", "VehicleRentSys\VehicleRentSys.csproj", "{CAC5CA14-3C9C-460D-AB5A-F24526F01060}"
EndProject
Global
	GlobalSection(SolutionConfigurationPlatforms) = preSolution
		Debug|Any CPU = Debug|Any CPU
		Release|Any CPU = Release|Any CPU
	EndGlobalSection
	GlobalSection(ProjectConfigurationPlatforms) = postSolution
		{CAC5CA14-3C9C-460D-AB5A-F24526F01060}.Debug|Any CPU.ActiveCfg = Debug|Any CPU
		{CAC5CA14-3C9C-460D-AB5A-F24526F01060}.Debug|Any CPU.Build.0 = Debug|Any CPU
		{CAC5CA14-3C9C-460D-AB5A-F24526F01060}.Release|Any CPU.ActiveCfg = Release|Any CPU
		{CAC5CA14-3C9C-460D-AB5A-F24526F01060}.Release|Any CPU.Build.0 = Release|Any CPU
	EndGlobalSection
	GlobalSection(SolutionProperties) = preSolution
		HideSolutionNode = FALSE
	EndGlobalSection
	GlobalSection(ExtensibilityGlobals) = postSolution
		SolutionGuid = {36ABF9B2-8C38-47F5-AB18-8F5A404E3BA5}
	EndGlobalSection
EndGlobal
